{
  "meteor": {
    "git": "https://github.com/meteor/meteor.git",
    "branch": "master",
    "commit": "0ffea1c4c308ed24906984f99b13b8fca5a0956c"
  },
  "dependencies": {
    "basePackages": {
      "reactive-ace": {
        "path": ""
      }
    },
    "packages": {
      "reactive-ace": {
        "path": ""
      }
    }
  }
}
