{
  "meteor": {
    "git": "https://github.com/meteor/meteor.git",
    "branch": "devel",
    "commit": "c4f52b7551d999796e3ccf6ddf22c467e700b89b"
  },
  "dependencies": {
    "basePackages": {
      "reactive-ace": {
        "path": "../.."
      }
    },
    "packages": {
      "reactive-ace": {
        "path": "../.."
      }
    }
  }
}
